
Microsoft Visual Studio Solution File, Format Version 12.00
# Visual Studio Version 17
VisualStudioVersion = 17.13.35931.197 d17.13
MinimumVisualStudioVersion = 10.0.40219.1
Project("{FAE04EC0-301F-11D3-BF4B-00C04F79EFBC}") = "Test_DVLD", "Test_DVLD.csproj", "{40D4B72C-07E3-4607-9780-26A425CD3FD6}"
EndProject
Project("{FAE04EC0-301F-11D3-BF4B-00C04F79EFBC}") = "Test_DVLD_Buisness", "..\Test_DVLD_Buisness\Test_DVLD_Buisness.csproj", "{36BDAD33-A0A7-456F-9346-B04972B32C4F}"
EndProject
Project("{FAE04EC0-301F-11D3-BF4B-00C04F79EFBC}") = "Test_DVLD_DataAccess", "..\Test_DVLD_DataAccess\Test_DVLD_DataAccess.csproj", "{13987611-AC95-4933-925B-F7F053A79849}"
EndProject
Global
	GlobalSection(SolutionConfigurationPlatforms) = preSolution
		Debug|Any CPU = Debug|Any CPU
		Release|Any CPU = Release|Any CPU
	EndGlobalSection
	GlobalSection(ProjectConfigurationPlatforms) = postSolution
		{40D4B72C-07E3-4607-9780-26A425CD3FD6}.Debug|Any CPU.ActiveCfg = Debug|Any CPU
		{40D4B72C-07E3-4607-9780-26A425CD3FD6}.Debug|Any CPU.Build.0 = Debug|Any CPU
		{40D4B72C-07E3-4607-9780-26A425CD3FD6}.Release|Any CPU.ActiveCfg = Release|Any CPU
		{40D4B72C-07E3-4607-9780-26A425CD3FD6}.Release|Any CPU.Build.0 = Release|Any CPU
		{36BDAD33-A0A7-456F-9346-B04972B32C4F}.Debug|Any CPU.ActiveCfg = Debug|Any CPU
		{36BDAD33-A0A7-456F-9346-B04972B32C4F}.Debug|Any CPU.Build.0 = Debug|Any CPU
		{36BDAD33-A0A7-456F-9346-B04972B32C4F}.Release|Any CPU.ActiveCfg = Release|Any CPU
		{36BDAD33-A0A7-456F-9346-B04972B32C4F}.Release|Any CPU.Build.0 = Release|Any CPU
		{13987611-AC95-4933-925B-F7F053A79849}.Debug|Any CPU.ActiveCfg = Debug|Any CPU
		{13987611-AC95-4933-925B-F7F053A79849}.Debug|Any CPU.Build.0 = Debug|Any CPU
		{13987611-AC95-4933-925B-F7F053A79849}.Release|Any CPU.ActiveCfg = Release|Any CPU
		{13987611-AC95-4933-925B-F7F053A79849}.Release|Any CPU.Build.0 = Release|Any CPU
	EndGlobalSection
	GlobalSection(SolutionProperties) = preSolution
		HideSolutionNode = FALSE
	EndGlobalSection
	GlobalSection(ExtensibilityGlobals) = postSolution
		SolutionGuid = {58692353-BD6D-4600-9F62-10A180F5002B}
	EndGlobalSection
EndGlobal
